
Microsoft Visual Studio Solution File, Format Version 12.00
# Visual Studio 15
VisualStudioVersion = 15.0.26730.16
MinimumVisualStudioVersion = 10.0.40219.1
Project("{8BC9CEB8-8B4A-11D0-8D11-00A0C91BC942}") = "rec07Separate", "rec07Separate\rec07Separate.vcxproj", "{77966ED2-6601-4B64-B400-49C97E5F9612}"
EndProject
Global
	GlobalSection(SolutionConfigurationPlatforms) = preSolution
		Debug|x64 = Debug|x64
		Debug|x86 = Debug|x86
		Release|x64 = Release|x64
		Release|x86 = Release|x86
	EndGlobalSection
	GlobalSection(ProjectConfigurationPlatforms) = postSolution
		{77966ED2-6601-4B64-B400-49C97E5F9612}.Debug|x64.ActiveCfg = Debug|x64
		{77966ED2-6601-4B64-B400-49C97E5F9612}.Debug|x64.Build.0 = Debug|x64
		{77966ED2-6601-4B64-B400-49C97E5F9612}.Debug|x86.ActiveCfg = Debug|Win32
		{77966ED2-6601-4B64-B400-49C97E5F9612}.Debug|x86.Build.0 = Debug|Win32
		{77966ED2-6601-4B64-B400-49C97E5F9612}.Release|x64.ActiveCfg = Release|x64
		{77966ED2-6601-4B64-B400-49C97E5F9612}.Release|x64.Build.0 = Release|x64
		{77966ED2-6601-4B64-B400-49C97E5F9612}.Release|x86.ActiveCfg = Release|Win32
		{77966ED2-6601-4B64-B400-49C97E5F9612}.Release|x86.Build.0 = Release|Win32
	EndGlobalSection
	GlobalSection(SolutionProperties) = preSolution
		HideSolutionNode = FALSE
	EndGlobalSection
	GlobalSection(ExtensibilityGlobals) = postSolution
		SolutionGuid = {62844958-AFFD-4B47-8FF5-F9FCB0B93605}
	EndGlobalSection
EndGlobal
